
Microsoft Visual Studio Solution File, Format Version 12.00
# Visual Studio Version 16
VisualStudioVersion = 16.0.28803.452
MinimumVisualStudioVersion = 10.0.40219.1
Project("{FAE04EC0-301F-11D3-BF4B-00C04F79EFBC}") = "PrimerProyecto", "PrimerProyecto\PrimerProyecto.csproj", "{6BBC2A41-992A-4ED5-A902-2B14F3849733}"
EndProject
Global
	GlobalSection(SolutionConfigurationPlatforms) = preSolution
		Debug|Any CPU = Debug|Any CPU
		Release|Any CPU = Release|Any CPU
	EndGlobalSection
	GlobalSection(ProjectConfigurationPlatforms) = postSolution
		{6BBC2A41-992A-4ED5-A902-2B14F3849733}.Debug|Any CPU.ActiveCfg = Debug|Any CPU
		{6BBC2A41-992A-4ED5-A902-2B14F3849733}.Debug|Any CPU.Build.0 = Debug|Any CPU
		{6BBC2A41-992A-4ED5-A902-2B14F3849733}.Release|Any CPU.ActiveCfg = Release|Any CPU
		{6BBC2A41-992A-4ED5-A902-2B14F3849733}.Release|Any CPU.Build.0 = Release|Any CPU
	EndGlobalSection
	GlobalSection(SolutionProperties) = preSolution
		HideSolutionNode = FALSE
	EndGlobalSection
	GlobalSection(ExtensibilityGlobals) = postSolution
		SolutionGuid = {85ABD3EE-B3DA-4559-A1AE-6B0A68CA86DD}
	EndGlobalSection
EndGlobal
